
Microsoft Visual Studio Solution File, Format Version 12.00
# Visual Studio 2013
VisualStudioVersion = 12.0.21005.1
MinimumVisualStudioVersion = 10.0.40219.1
Project("{8BC9CEB8-8B4A-11D0-8D11-00A0C91BC942}") = "test_2_26", "test_2_26\test_2_26.vcxproj", "{EEC68AD1-D869-467E-81E5-A9197431DE93}"
EndProject
Global
	GlobalSection(SolutionConfigurationPlatforms) = preSolution
		Debug|Win32 = Debug|Win32
		Release|Win32 = Release|Win32
	EndGlobalSection
	GlobalSection(ProjectConfigurationPlatforms) = postSolution
		{EEC68AD1-D869-467E-81E5-A9197431DE93}.Debug|Win32.ActiveCfg = Debug|Win32
		{EEC68AD1-D869-467E-81E5-A9197431DE93}.Debug|Win32.Build.0 = Debug|Win32
		{EEC68AD1-D869-467E-81E5-A9197431DE93}.Release|Win32.ActiveCfg = Release|Win32
		{EEC68AD1-D869-467E-81E5-A9197431DE93}.Release|Win32.Build.0 = Release|Win32
	EndGlobalSection
	GlobalSection(SolutionProperties) = preSolution
		HideSolutionNode = FALSE
	EndGlobalSection
EndGlobal
