
Microsoft Visual Studio Solution File, Format Version 12.00
# Visual Studio 2013
VisualStudioVersion = 12.0.21005.1
MinimumVisualStudioVersion = 10.0.40219.1
Project("{8BC9CEB8-8B4A-11D0-8D11-00A0C91BC942}") = "test_6_9", "test_6_9\test_6_9.vcxproj", "{72B33349-B2C6-4428-94B3-D45899C543AF}"
EndProject
Global
	GlobalSection(SolutionConfigurationPlatforms) = preSolution
		Debug|Win32 = Debug|Win32
		Release|Win32 = Release|Win32
	EndGlobalSection
	GlobalSection(ProjectConfigurationPlatforms) = postSolution
		{72B33349-B2C6-4428-94B3-D45899C543AF}.Debug|Win32.ActiveCfg = Debug|Win32
		{72B33349-B2C6-4428-94B3-D45899C543AF}.Debug|Win32.Build.0 = Debug|Win32
		{72B33349-B2C6-4428-94B3-D45899C543AF}.Release|Win32.ActiveCfg = Release|Win32
		{72B33349-B2C6-4428-94B3-D45899C543AF}.Release|Win32.Build.0 = Release|Win32
	EndGlobalSection
	GlobalSection(SolutionProperties) = preSolution
		HideSolutionNode = FALSE
	EndGlobalSection
EndGlobal
