
Microsoft Visual Studio Solution File, Format Version 12.00
# Visual Studio 2013
VisualStudioVersion = 12.0.21005.1
MinimumVisualStudioVersion = 10.0.40219.1
Project("{8BC9CEB8-8B4A-11D0-8D11-00A0C91BC942}") = "test_8_10", "test_8_10\test_8_10.vcxproj", "{370ABE76-F409-48DC-A17F-632E1837BC9C}"
EndProject
Global
	GlobalSection(SolutionConfigurationPlatforms) = preSolution
		Debug|Win32 = Debug|Win32
		Release|Win32 = Release|Win32
	EndGlobalSection
	GlobalSection(ProjectConfigurationPlatforms) = postSolution
		{370ABE76-F409-48DC-A17F-632E1837BC9C}.Debug|Win32.ActiveCfg = Debug|Win32
		{370ABE76-F409-48DC-A17F-632E1837BC9C}.Debug|Win32.Build.0 = Debug|Win32
		{370ABE76-F409-48DC-A17F-632E1837BC9C}.Release|Win32.ActiveCfg = Release|Win32
		{370ABE76-F409-48DC-A17F-632E1837BC9C}.Release|Win32.Build.0 = Release|Win32
	EndGlobalSection
	GlobalSection(SolutionProperties) = preSolution
		HideSolutionNode = FALSE
	EndGlobalSection
EndGlobal
