
Microsoft Visual Studio Solution File, Format Version 12.00
# Visual Studio 2013
VisualStudioVersion = 12.0.21005.1
MinimumVisualStudioVersion = 10.0.40219.1
Project("{8BC9CEB8-8B4A-11D0-8D11-00A0C91BC942}") = "探索数组和字符串(10)", "探索数组和字符串(10)\探索数组和字符串(10).vcxproj", "{D901CCB6-7C97-44A9-88BD-3594320F9CD6}"
EndProject
Global
	GlobalSection(SolutionConfigurationPlatforms) = preSolution
		Debug|Win32 = Debug|Win32
		Release|Win32 = Release|Win32
	EndGlobalSection
	GlobalSection(ProjectConfigurationPlatforms) = postSolution
		{D901CCB6-7C97-44A9-88BD-3594320F9CD6}.Debug|Win32.ActiveCfg = Debug|Win32
		{D901CCB6-7C97-44A9-88BD-3594320F9CD6}.Debug|Win32.Build.0 = Debug|Win32
		{D901CCB6-7C97-44A9-88BD-3594320F9CD6}.Release|Win32.ActiveCfg = Release|Win32
		{D901CCB6-7C97-44A9-88BD-3594320F9CD6}.Release|Win32.Build.0 = Release|Win32
	EndGlobalSection
	GlobalSection(SolutionProperties) = preSolution
		HideSolutionNode = FALSE
	EndGlobalSection
EndGlobal
