
Microsoft Visual Studio Solution File, Format Version 12.00
# Visual Studio 2013
VisualStudioVersion = 12.0.21005.1
MinimumVisualStudioVersion = 10.0.40219.1
Project("{8BC9CEB8-8B4A-11D0-8D11-00A0C91BC942}") = "探索数组和字符串(7)", "探索数组和字符串(7)\探索数组和字符串(7).vcxproj", "{D9D8EE36-32C1-43E6-9A3B-8388822CA061}"
EndProject
Global
	GlobalSection(SolutionConfigurationPlatforms) = preSolution
		Debug|Win32 = Debug|Win32
		Release|Win32 = Release|Win32
	EndGlobalSection
	GlobalSection(ProjectConfigurationPlatforms) = postSolution
		{D9D8EE36-32C1-43E6-9A3B-8388822CA061}.Debug|Win32.ActiveCfg = Debug|Win32
		{D9D8EE36-32C1-43E6-9A3B-8388822CA061}.Debug|Win32.Build.0 = Debug|Win32
		{D9D8EE36-32C1-43E6-9A3B-8388822CA061}.Release|Win32.ActiveCfg = Release|Win32
		{D9D8EE36-32C1-43E6-9A3B-8388822CA061}.Release|Win32.Build.0 = Release|Win32
	EndGlobalSection
	GlobalSection(SolutionProperties) = preSolution
		HideSolutionNode = FALSE
	EndGlobalSection
EndGlobal
